// !$*UTF8*$!
{
	archiveVersion = 1;
	classes = {
	};
	objectVersion = 48;
	objects = {

/* Begin PBXBuildFile section */
		B3132FB71FE8A66E008A557C /* AppDelegate.m in Sources */ = {isa = PBXBuildFile; fileRef = B3132FB61FE8A66E008A557C /* AppDelegate.m */; };
		B3132FBA1FE8A66E008A557C /* ViewController.m in Sources */ = {isa = PBXBuildFile; fileRef = B3132FB91FE8A66E008A557C /* ViewController.m */; };
		B3132FBD1FE8A66E008A557C /* Main.storyboard in Resources */ = {isa = PBXBuildFile; fileRef = B3132FBB1FE8A66E008A557C /* Main.storyboard */; };
		B3132FBF1FE8A66E008A557C /* Assets.xcassets in Resources */ = {isa = PBXBuildFile; fileRef = B3132FBE1FE8A66E008A557C /* Assets.xcassets */; };
		B3132FC21FE8A66E008A557C /* LaunchScreen.storyboard in Resources */ = {isa = PBXBuildFile; fileRef = B3132FC01FE8A66E008A557C /* LaunchScreen.storyboard */; };
		B3132FC51FE8A66E008A557C /* main.m in Sources */ = {isa = PBXBuildFile; fileRef = B3132FC41FE8A66E008A557C /* main.m */; };
		B3132FCD1FE8A7D8008A557C /* UIButton+Custom.m in Sources */ = {isa = PBXBuildFile; fileRef = B3132FCC1FE8A7D8008A557C /* UIButton+Custom.m */; };
/* End PBXBuildFile section */

/* Begin PBXFileReference section */
		B3132FB21FE8A66E008A557C /* 防止UIButton快速点击Demo.app */ = {isa = PBXFileReference; explicitFileType = wrapper.application; includeInIndex = 0; path = "防止UIButton快速点击Demo.app"; sourceTree = BUILT_PRODUCTS_DIR; };
		B3132FB51FE8A66E008A557C /* AppDelegate.h */ = {isa = PBXFileReference; lastKnownFileType = sourcecode.c.h; path = AppDelegate.h; sourceTree = "<group>"; };
		B3132FB61FE8A66E008A557C /* AppDelegate.m */ = {isa = PBXFileReference; lastKnownFileType = sourcecode.c.objc; path = AppDelegate.m; sourceTree = "<group>"; };
		B3132FB81FE8A66E008A557C /* ViewController.h */ = {isa = PBXFileReference; lastKnownFileType = sourcecode.c.h; path = ViewController.h; sourceTree = "<group>"; };
		B3132FB91FE8A66E008A557C /* ViewController.m */ = {isa = PBXFileReference; lastKnownFileType = sourcecode.c.objc; path = ViewController.m; sourceTree = "<group>"; };
		B3132FBC1FE8A66E008A557C /* Base */ = {isa = PBXFileReference; lastKnownFileType = file.storyboard; name = Base; path = Base.lproj/Main.storyboard; sourceTree = "<group>"; };
		B3132FBE1FE8A66E008A557C /* Assets.xcassets */ = {isa = PBXFileReference; lastKnownFileType = folder.assetcatalog; path = Assets.xcassets; sourceTree = "<group>"; };
		B3132FC11FE8A66E008A557C /* Base */ = {isa = PBXFileReference; lastKnownFileType = file.storyboard; name = Base; path = Base.lproj/LaunchScreen.storyboard; sourceTree = "<group>"; };
		B3132FC31FE8A66E008A557C /* Info.plist */ = {isa = PBXFileReference; lastKnownFileType = text.plist.xml; path = Info.plist; sourceTree = "<group>"; };
		B3132FC41FE8A66E008A557C /* main.m */ = {isa = PBXFileReference; lastKnownFileType = sourcecode.c.objc; path = main.m; sourceTree = "<group>"; };
		B3132FCB1FE8A7D8008A557C /* UIButton+Custom.h */ = {isa = PBXFileReference; lastKnownFileType = sourcecode.c.h; path = "UIButton+Custom.h"; sourceTree = "<group>"; };
		B3132FCC1FE8A7D8008A557C /* UIButton+Custom.m */ = {isa = PBXFileReference; lastKnownFileType = sourcecode.c.objc; path = "UIButton+Custom.m"; sourceTree = "<group>"; };
/* End PBXFileReference section */

/* Begin PBXFrameworksBuildPhase section */
		B3132FAF1FE8A66E008A557C /* Frameworks */ = {
			isa = PBXFrameworksBuildPhase;
			buildActionMask = 2147483647;
			files = (
			);
			runOnlyForDeploymentPostprocessing = 0;
		};
/* End PBXFrameworksBuildPhase section */

/* Begin PBXGroup section */
		B3132FA91FE8A66E008A557C = {
			isa = PBXGroup;
			children = (
				B3132FB41FE8A66E008A557C /* 防止UIButton快速点击Demo */,
				B3132FB31FE8A66E008A557C /* Products */,
			);
			sourceTree = "<group>";
		};
		B3132FB31FE8A66E008A557C /* Products */ = {
			isa = PBXGroup;
			children = (
				B3132FB21FE8A66E008A557C /* 防止UIButton快速点击Demo.app */,
			);
			name = Products;
			sourceTree = "<group>";
		};
		B3132FB41FE8A66E008A557C /* 防止UIButton快速点击Demo */ = {
			isa = PBXGroup;
			children = (
				B3132FB51FE8A66E008A557C /* AppDelegate.h */,
				B3132FB61FE8A66E008A557C /* AppDelegate.m */,
				B3132FB81FE8A66E008A557C /* ViewController.h */,
				B3132FB91FE8A66E008A557C /* ViewController.m */,
				B3132FCB1FE8A7D8008A557C /* UIButton+Custom.h */,
				B3132FCC1FE8A7D8008A557C /* UIButton+Custom.m */,
				B3132FBB1FE8A66E008A557C /* Main.storyboard */,
				B3132FBE1FE8A66E008A557C /* Assets.xcassets */,
				B3132FC01FE8A66E008A557C /* LaunchScreen.storyboard */,
				B3132FC31FE8A66E008A557C /* Info.plist */,
				B3132FC41FE8A66E008A557C /* main.m */,
			);
			path = "防止UIButton快速点击Demo";
			sourceTree = "<group>";
		};
/* End PBXGroup section */

/* Begin PBXNativeTarget section */
		B3132FB11FE8A66E008A557C /* 防止UIButton快速点击Demo */ = {
			isa = PBXNativeTarget;
			buildConfigurationList = B3132FC81FE8A66E008A557C /* Build configuration list for PBXNativeTarget "防止UIButton快速点击Demo" */;
			buildPhases = (
				B3132FAE1FE8A66E008A557C /* Sources */,
				B3132FAF1FE8A66E008A557C /* Frameworks */,
				B3132FB01FE8A66E008A557C /* Resources */,
			);
			buildRules = (
			);
			dependencies = (
			);
			name = "防止UIButton快速点击Demo";
			productName = "防止UIButton快速点击Demo";
			productReference = B3132FB21FE8A66E008A557C /* 防止UIButton快速点击Demo.app */;
			productType = "com.apple.product-type.application";
		};
/* End PBXNativeTarget section */

/* Begin PBXProject section */
		B3132FAA1FE8A66E008A557C /* Project object */ = {
			isa = PBXProject;
			attributes = {
				LastUpgradeCheck = 0920;
				ORGANIZATIONNAME = www.auratech.hk;
				TargetAttributes = {
					B3132FB11FE8A66E008A557C = {
						CreatedOnToolsVersion = 9.2;
						ProvisioningStyle = Automatic;
					};
				};
			};
			buildConfigurationList = B3132FAD1FE8A66E008A557C /* Build configuration list for PBXProject "防止UIButton快速点击Demo" */;
			compatibilityVersion = "Xcode 8.0";
			developmentRegion = en;
			hasScannedForEncodings = 0;
			knownRegions = (
				en,
				Base,
			);
			mainGroup = B3132FA91FE8A66E008A557C;
			productRefGroup = B3132FB31FE8A66E008A557C /* Products */;
			projectDirPath = "";
			projectRoot = "";
			targets = (
				B3132FB11FE8A66E008A557C /* 防止UIButton快速点击Demo */,
			);
		};
/* End PBXProject section */

/* Begin PBXResourcesBuildPhase section */
		B3132FB01FE8A66E008A557C /* Resources */ = {
			isa = PBXResourcesBuildPhase;
			buildActionMask = 2147483647;
			files = (
				B3132FC21FE8A66E008A557C /* LaunchScreen.storyboard in Resources */,
				B3132FBF1FE8A66E008A557C /* Assets.xcassets in Resources */,
				B3132FBD1FE8A66E008A557C /* Main.storyboard in Resources */,
			);
			runOnlyForDeploymentPostprocessing = 0;
		};
/* End PBXResourcesBuildPhase section */

/* Begin PBXSourcesBuildPhase section */
		B3132FAE1FE8A66E008A557C /* Sources */ = {
			isa = PBXSourcesBuildPhase;
			buildActionMask = 2147483647;
			files = (
				B3132FCD1FE8A7D8008A557C /* UIButton+Custom.m in Sources */,
				B3132FBA1FE8A66E008A557C /* ViewController.m in Sources */,
				B3132FC51FE8A66E008A557C /* main.m in Sources */,
				B3132FB71FE8A66E008A557C /* AppDelegate.m in Sources */,
			);
			runOnlyForDeploymentPostprocessing = 0;
		};
/* End PBXSourcesBuildPhase section */

/* Begin PBXVariantGroup section */
		B3132FBB1FE8A66E008A557C /* Main.storyboard */ = {
			isa = PBXVariantGroup;
			children = (
				B3132FBC1FE8A66E008A557C /* Base */,
			);
			name = Main.storyboard;
			sourceTree = "<group>";
		};
		B3132FC01FE8A66E008A557C /* LaunchScreen.storyboard */ = {
			isa = PBXVariantGroup;
			children = (
				B3132FC11FE8A66E008A557C /* Base */,
			);
			name = LaunchScreen.storyboard;
			sourceTree = "<group>";
		};
/* End PBXVariantGroup section */

/* Begin XCBuildConfiguration section */
		B3132FC61FE8A66E008A557C /* Debug */ = {
			isa = XCBuildConfiguration;
			buildSettings = {
				ALWAYS_SEARCH_USER_PATHS = NO;
				CLANG_ANALYZER_NONNULL = YES;
				CLANG_ANALYZER_NUMBER_OBJECT_CONVERSION = YES_AGGRESSIVE;
				CLANG_CXX_LANGUAGE_STANDARD = "gnu++14";
				CLANG_CXX_LIBRARY = "libc++";
				CLANG_ENABLE_MODULES = YES;
				CLANG_ENABLE_OBJC_ARC = YES;
				CLANG_WARN_BLOCK_CAPTURE_AUTORELEASING = YES;
				CLANG_WARN_BOOL_CONVERSION = YES;
				CLANG_WARN_COMMA = YES;
				CLANG_WARN_CONSTANT_CONVERSION = YES;
				CLANG_WARN_DIRECT_OBJC_ISA_USAGE = YES_ERROR;
				CLANG_WARN_DOCUMENTATION_COMMENTS = YES;
				CLANG_WARN_EMPTY_BODY = YES;
				CLANG_WARN_ENUM_CONVERSION = YES;
				CLANG_WARN_INFINITE_RECURSION = YES;
				CLANG_WARN_INT_CONVERSION = YES;
				CLANG_WARN_NON_LITERAL_NULL_CONVERSION = YES;
				CLANG_WARN_OBJC_LITERAL_CONVERSION = YES;
				CLANG_WARN_OBJC_ROOT_CLASS = YES_ERROR;
				CLANG_WARN_RANGE_LOOP_ANALYSIS = YES;
				CLANG_WARN_STRICT_PROTOTYPES = YES;
				CLANG_WARN_SUSPICIOUS_MOVE = YES;
				CLANG_WARN_UNGUARDED_AVAILABILITY = YES_AGGRESSIVE;
				CLANG_WARN_UNREACHABLE_CODE = YES;
				CLANG_WARN__DUPLICATE_METHOD_MATCH = YES;
				CODE_SIGN_IDENTITY = "iPhone Developer";
				COPY_PHASE_STRIP = NO;
				DEBUG_INFORMATION_FORMAT = dwarf;
				ENABLE_STRICT_OBJC_MSGSEND = YES;
				ENABLE_TESTABILITY = YES;
				GCC_C_LANGUAGE_STANDARD = gnu11;
				GCC_DYNAMIC_NO_PIC = NO;
				GCC_NO_COMMON_BLOCKS = YES;
				GCC_OPTIMIZATION_LEVEL = 0;
				GCC_PREPROCESSOR_DEFINITIONS = (
					"DEBUG=1",
					"$(inherited)",
				);
				GCC_WARN_64_TO_32_BIT_CONVERSION = YES;
				GCC_WARN_ABOUT_RETURN_TYPE = YES_ERROR;
				GCC_WARN_UNDECLARED_SELECTOR = YES;
				GCC_WARN_UNINITIALIZED_AUTOS = YES_AGGRESSIVE;
				GCC_WARN_UNUSED_FUNCTION = YES;
				GCC_WARN_UNUSED_VARIABLE = YES;
				IPHONEOS_DEPLOYMENT_TARGET = 11.2;
				MTL_ENABLE_DEBUG_INFO = YES;
				ONLY_ACTIVE_ARCH = YES;
				SDKROOT = iphoneos;
			};
			name = Debug;
		};
		B3132FC71FE8A66E008A557C /* Release */ = {
			isa = XCBuildConfiguration;
			buildSettings = {
				ALWAYS_SEARCH_USER_PATHS = NO;
				CLANG_ANALYZER_NONNULL = YES;
				CLANG_ANALYZER_NUMBER_OBJECT_CONVERSION = YES_AGGRESSIVE;
				CLANG_CXX_LANGUAGE_STANDARD = "gnu++14";
				CLANG_CXX_LIBRARY = "libc++";
				CLANG_ENABLE_MODULES = YES;
				CLANG_ENABLE_OBJC_ARC = YES;
				CLANG_WARN_BLOCK_CAPTURE_AUTORELEASING = YES;
				CLANG_WARN_BOOL_CONVERSION = YES;
				CLANG_WARN_COMMA = YES;
				CLANG_WARN_CONSTANT_CONVERSION = YES;
				CLANG_WARN_DIRECT_OBJC_ISA_USAGE = YES_ERROR;
				CLANG_WARN_DOCUMENTATION_COMMENTS = YES;
				CLANG_WARN_EMPTY_BODY = YES;
				CLANG_WARN_ENUM_CONVERSION = YES;
				CLANG_WARN_INFINITE_RECURSION = YES;
				CLANG_WARN_INT_CONVERSION = YES;
				CLANG_WARN_NON_LITERAL_NULL_CONVERSION = YES;
				CLANG_WARN_OBJC_LITERAL_CONVERSION = YES;
				CLANG_WARN_OBJC_ROOT_CLASS = YES_ERROR;
				CLANG_WARN_RANGE_LOOP_ANALYSIS = YES;
				CLANG_WARN_STRICT_PROTOTYPES = YES;
				CLANG_WARN_SUSPICIOUS_MOVE = YES;
				CLANG_WARN_UNGUARDED_AVAILABILITY = YES_AGGRESSIVE;
				CLANG_WARN_UNREACHABLE_CODE = YES;
				CLANG_WARN__DUPLICATE_METHOD_MATCH = YES;
				CODE_SIGN_IDENTITY = "iPhone Developer";
				COPY_PHASE_STRIP = NO;
				DEBUG_INFORMATION_FORMAT = "dwarf-with-dsym";
				ENABLE_NS_ASSERTIONS = NO;
				ENABLE_STRICT_OBJC_MSGSEND = YES;
				GCC_C_LANGUAGE_STANDARD = gnu11;
				GCC_NO_COMMON_BLOCKS = YES;
				GCC_WARN_64_TO_32_BIT_CONVERSION = YES;
				GCC_WARN_ABOUT_RETURN_TYPE = YES_ERROR;
				GCC_WARN_UNDECLARED_SELECTOR = YES;
				GCC_WARN_UNINITIALIZED_AUTOS = YES_AGGRESSIVE;
				GCC_WARN_UNUSED_FUNCTION = YES;
				GCC_WARN_UNUSED_VARIABLE = YES;
				IPHONEOS_DEPLOYMENT_TARGET = 11.2;
				MTL_ENABLE_DEBUG_INFO = NO;
				SDKROOT = iphoneos;
				VALIDATE_PRODUCT = YES;
			};
			name = Release;
		};
		B3132FC91FE8A66E008A557C /* Debug */ = {
			isa = XCBuildConfiguration;
			buildSettings = {
				ASSETCATALOG_COMPILER_APPICON_NAME = AppIcon;
				"CODE_SIGN_IDENTITY[sdk=iphoneos*]" = "iPhone Developer";
				CODE_SIGN_STYLE = Automatic;
				DEVELOPMENT_TEAM = F6S6KDPGW5;
				INFOPLIST_FILE = "防止UIButton快速点击Demo/Info.plist";
				IPHONEOS_DEPLOYMENT_TARGET = 8.0;
				LD_RUNPATH_SEARCH_PATHS = "$(inherited) @executable_path/Frameworks";
				PRODUCT_BUNDLE_IDENTIFIER = hk.auratech.www.iOS123;
				PRODUCT_NAME = "$(TARGET_NAME)";
				PROVISIONING_PROFILE_SPECIFIER = "";
				TARGETED_DEVICE_FAMILY = "1,2";
			};
			name = Debug;
		};
		B3132FCA1FE8A66E008A557C /* Release */ = {
			isa = XCBuildConfiguration;
			buildSettings = {
				ASSETCATALOG_COMPILER_APPICON_NAME = AppIcon;
				"CODE_SIGN_IDENTITY[sdk=iphoneos*]" = "iPhone Developer";
				CODE_SIGN_STYLE = Automatic;
				DEVELOPMENT_TEAM = F6S6KDPGW5;
				INFOPLIST_FILE = "防止UIButton快速点击Demo/Info.plist";
				IPHONEOS_DEPLOYMENT_TARGET = 8.0;
				LD_RUNPATH_SEARCH_PATHS = "$(inherited) @executable_path/Frameworks";
				PRODUCT_BUNDLE_IDENTIFIER = hk.auratech.www.iOS123;
				PRODUCT_NAME = "$(TARGET_NAME)";
				PROVISIONING_PROFILE_SPECIFIER = "";
				TARGETED_DEVICE_FAMILY = "1,2";
			};
			name = Release;
		};
/* End XCBuildConfiguration section */

/* Begin XCConfigurationList section */
		B3132FAD1FE8A66E008A557C /* Build configuration list for PBXProject "防止UIButton快速点击Demo" */ = {
			isa = XCConfigurationList;
			buildConfigurations = (
				B3132FC61FE8A66E008A557C /* Debug */,
				B3132FC71FE8A66E008A557C /* Release */,
			);
			defaultConfigurationIsVisible = 0;
			defaultConfigurationName = Release;
		};
		B3132FC81FE8A66E008A557C /* Build configuration list for PBXNativeTarget "防止UIButton快速点击Demo" */ = {
			isa = XCConfigurationList;
			buildConfigurations = (
				B3132FC91FE8A66E008A557C /* Debug */,
				B3132FCA1FE8A66E008A557C /* Release */,
			);
			defaultConfigurationIsVisible = 0;
			defaultConfigurationName = Release;
		};
/* End XCConfigurationList section */
	};
	rootObject = B3132FAA1FE8A66E008A557C /* Project object */;
}
